
Microsoft Visual Studio Solution File, Format Version 12.00
# Visual Studio Version 16
VisualStudioVersion = 16.0.30114.105
MinimumVisualStudioVersion = 10.0.40219.1
Project("{FAE04EC0-301F-11D3-BF4B-00C04F79EFBC}") = "BlackDisplay", "blackDisplay\BlackDisplay.csproj", "{40B105D5-72FF-48FD-93D0-0C3B67C37625}"
EndProject
Project("{FAE04EC0-301F-11D3-BF4B-00C04F79EFBC}") = "options", "options\options.csproj", "{DEFB73C8-0381-4A64-A8B6-6492E5F0875E}"
EndProject
Project("{FAE04EC0-301F-11D3-BF4B-00C04F79EFBC}") = "move", "move\move.csproj", "{FCC0E454-4F4C-4C06-A38B-4F8B48A48C91}"
EndProject
Project("{FAE04EC0-301F-11D3-BF4B-00C04F79EFBC}") = "updator", "updater\updator.csproj", "{89792969-97D8-4E28-AC13-9D23641EA3D5}"
EndProject
Project("{FAE04EC0-301F-11D3-BF4B-00C04F79EFBC}") = "vinpacker", "vinpacker\vinpacker.csproj", "{E95872B2-A6A9-4FEB-BD1C-2F1682427E81}"
EndProject
Project("{FAE04EC0-301F-11D3-BF4B-00C04F79EFBC}") = "test", "test\test.csproj", "{6EBCC519-E4C4-43EB-BDC7-1F60442CD1C9}"
EndProject
Project("{FAE04EC0-301F-11D3-BF4B-00C04F79EFBC}") = "AttentionTests", "AttentionTests\AttentionTests.csproj", "{73FAEEBB-0EB8-4E4E-9F75-1C76739F8A33}"
EndProject
Project("{FAE04EC0-301F-11D3-BF4B-00C04F79EFBC}") = "VinPlaning", "VinPlaning\VinPlaning.csproj", "{168607C0-7A54-4260-80BC-CC1F287F2A8F}"
EndProject
Project("{FAE04EC0-301F-11D3-BF4B-00C04F79EFBC}") = "PostBuilder", "PostBuilder\PostBuilder.csproj", "{E4DF965B-01E7-4B20-AFCE-CF60DF0FFA02}"
	ProjectSection(ProjectDependencies) = postProject
		{A0EE640B-4CD8-43D4-B785-F1CA6047518C} = {A0EE640B-4CD8-43D4-B785-F1CA6047518C}
		{6EBCC519-E4C4-43EB-BDC7-1F60442CD1C9} = {6EBCC519-E4C4-43EB-BDC7-1F60442CD1C9}
		{FCC0E454-4F4C-4C06-A38B-4F8B48A48C91} = {FCC0E454-4F4C-4C06-A38B-4F8B48A48C91}
		{89792969-97D8-4E28-AC13-9D23641EA3D5} = {89792969-97D8-4E28-AC13-9D23641EA3D5}
		{E95872B2-A6A9-4FEB-BD1C-2F1682427E81} = {E95872B2-A6A9-4FEB-BD1C-2F1682427E81}
		{73FAEEBB-0EB8-4E4E-9F75-1C76739F8A33} = {73FAEEBB-0EB8-4E4E-9F75-1C76739F8A33}
		{168607C0-7A54-4260-80BC-CC1F287F2A8F} = {168607C0-7A54-4260-80BC-CC1F287F2A8F}
		{DEFB73C8-0381-4A64-A8B6-6492E5F0875E} = {DEFB73C8-0381-4A64-A8B6-6492E5F0875E}
		{40B105D5-72FF-48FD-93D0-0C3B67C37625} = {40B105D5-72FF-48FD-93D0-0C3B67C37625}
		{42AE96F9-70D0-40FB-9C5E-9C24BF29E815} = {42AE96F9-70D0-40FB-9C5E-9C24BF29E815}
	EndProjectSection
EndProject
Project("{FAE04EC0-301F-11D3-BF4B-00C04F79EFBC}") = "keccak", "keccak\keccak.csproj", "{A0EE640B-4CD8-43D4-B785-F1CA6047518C}"
EndProject
Project("{FAE04EC0-301F-11D3-BF4B-00C04F79EFBC}") = "testKeccak", "testKeccak\testKeccak.csproj", "{42AE96F9-70D0-40FB-9C5E-9C24BF29E815}"
EndProject
Project("{2150E333-8FDC-42A3-9474-1A3956D46DE8}") = "Solution Items", "Solution Items", "{4118DE84-0EEB-48F8-8D0E-ACE3009E5C9E}"
EndProject
Project("{FAE04EC0-301F-11D3-BF4B-00C04F79EFBC}") = "testCiphers", "testCiphers\testCiphers.csproj", "{1F2121A3-CB40-43E7-BF6C-A6839FBD5C7E}"
EndProject
Global
	GlobalSection(SolutionConfigurationPlatforms) = preSolution
		Debug|Any CPU = Debug|Any CPU
		Debug|Mixed Platforms = Debug|Mixed Platforms
		Debug|Win32 = Debug|Win32
		Debug|x64 = Debug|x64
		Debug|x86 = Debug|x86
		forLinux|Any CPU = forLinux|Any CPU
		forLinux|Mixed Platforms = forLinux|Mixed Platforms
		forLinux|Win32 = forLinux|Win32
		forLinux|x64 = forLinux|x64
		forLinux|x86 = forLinux|x86
		Release|Any CPU = Release|Any CPU
		Release|Mixed Platforms = Release|Mixed Platforms
		Release|Win32 = Release|Win32
		Release|x64 = Release|x64
		Release|x86 = Release|x86
	EndGlobalSection
	GlobalSection(ProjectConfigurationPlatforms) = postSolution
		{40B105D5-72FF-48FD-93D0-0C3B67C37625}.Debug|Any CPU.ActiveCfg = Debug|x86
		{40B105D5-72FF-48FD-93D0-0C3B67C37625}.Debug|Any CPU.Build.0 = Debug|x86
		{40B105D5-72FF-48FD-93D0-0C3B67C37625}.Debug|Mixed Platforms.ActiveCfg = Debug|Any CPU
		{40B105D5-72FF-48FD-93D0-0C3B67C37625}.Debug|Mixed Platforms.Build.0 = Debug|Any CPU
		{40B105D5-72FF-48FD-93D0-0C3B67C37625}.Debug|Win32.ActiveCfg = Debug|x86
		{40B105D5-72FF-48FD-93D0-0C3B67C37625}.Debug|x64.ActiveCfg = Debug|x64
		{40B105D5-72FF-48FD-93D0-0C3B67C37625}.Debug|x64.Build.0 = Debug|x64
		{40B105D5-72FF-48FD-93D0-0C3B67C37625}.Debug|x86.ActiveCfg = Debug|x86
		{40B105D5-72FF-48FD-93D0-0C3B67C37625}.Debug|x86.Build.0 = Debug|x86
		{40B105D5-72FF-48FD-93D0-0C3B67C37625}.forLinux|Any CPU.ActiveCfg = forLinux|Any CPU
		{40B105D5-72FF-48FD-93D0-0C3B67C37625}.forLinux|Any CPU.Build.0 = forLinux|Any CPU
		{40B105D5-72FF-48FD-93D0-0C3B67C37625}.forLinux|Mixed Platforms.ActiveCfg = forLinux|Any CPU
		{40B105D5-72FF-48FD-93D0-0C3B67C37625}.forLinux|Mixed Platforms.Build.0 = forLinux|Any CPU
		{40B105D5-72FF-48FD-93D0-0C3B67C37625}.forLinux|Win32.ActiveCfg = forLinux|Any CPU
		{40B105D5-72FF-48FD-93D0-0C3B67C37625}.forLinux|x64.ActiveCfg = forLinux|x64
		{40B105D5-72FF-48FD-93D0-0C3B67C37625}.forLinux|x64.Build.0 = forLinux|x64
		{40B105D5-72FF-48FD-93D0-0C3B67C37625}.forLinux|x86.ActiveCfg = forLinux|x86
		{40B105D5-72FF-48FD-93D0-0C3B67C37625}.forLinux|x86.Build.0 = forLinux|x86
		{40B105D5-72FF-48FD-93D0-0C3B67C37625}.Release|Any CPU.ActiveCfg = Release|Any CPU
		{40B105D5-72FF-48FD-93D0-0C3B67C37625}.Release|Any CPU.Build.0 = Release|Any CPU
		{40B105D5-72FF-48FD-93D0-0C3B67C37625}.Release|Mixed Platforms.ActiveCfg = Release|Any CPU
		{40B105D5-72FF-48FD-93D0-0C3B67C37625}.Release|Mixed Platforms.Build.0 = Release|Any CPU
		{40B105D5-72FF-48FD-93D0-0C3B67C37625}.Release|Win32.ActiveCfg = Release|x86
		{40B105D5-72FF-48FD-93D0-0C3B67C37625}.Release|x64.ActiveCfg = Release|x64
		{40B105D5-72FF-48FD-93D0-0C3B67C37625}.Release|x64.Build.0 = Release|x64
		{40B105D5-72FF-48FD-93D0-0C3B67C37625}.Release|x86.ActiveCfg = Release|x86
		{40B105D5-72FF-48FD-93D0-0C3B67C37625}.Release|x86.Build.0 = Release|x86
		{DEFB73C8-0381-4A64-A8B6-6492E5F0875E}.Debug|Any CPU.ActiveCfg = Debug|Any CPU
		{DEFB73C8-0381-4A64-A8B6-6492E5F0875E}.Debug|Any CPU.Build.0 = Debug|Any CPU
		{DEFB73C8-0381-4A64-A8B6-6492E5F0875E}.Debug|Mixed Platforms.ActiveCfg = Debug|Any CPU
		{DEFB73C8-0381-4A64-A8B6-6492E5F0875E}.Debug|Mixed Platforms.Build.0 = Debug|Any CPU
		{DEFB73C8-0381-4A64-A8B6-6492E5F0875E}.Debug|Win32.ActiveCfg = Debug|Any CPU
		{DEFB73C8-0381-4A64-A8B6-6492E5F0875E}.Debug|x64.ActiveCfg = Debug|x64
		{DEFB73C8-0381-4A64-A8B6-6492E5F0875E}.Debug|x64.Build.0 = Debug|x64
		{DEFB73C8-0381-4A64-A8B6-6492E5F0875E}.Debug|x86.ActiveCfg = Debug|Any CPU
		{DEFB73C8-0381-4A64-A8B6-6492E5F0875E}.forLinux|Any CPU.ActiveCfg = forLinux|Any CPU
		{DEFB73C8-0381-4A64-A8B6-6492E5F0875E}.forLinux|Any CPU.Build.0 = forLinux|Any CPU
		{DEFB73C8-0381-4A64-A8B6-6492E5F0875E}.forLinux|Mixed Platforms.ActiveCfg = forLinux|Any CPU
		{DEFB73C8-0381-4A64-A8B6-6492E5F0875E}.forLinux|Mixed Platforms.Build.0 = forLinux|Any CPU
		{DEFB73C8-0381-4A64-A8B6-6492E5F0875E}.forLinux|Win32.ActiveCfg = forLinux|Any CPU
		{DEFB73C8-0381-4A64-A8B6-6492E5F0875E}.forLinux|x64.ActiveCfg = forLinux|x64
		{DEFB73C8-0381-4A64-A8B6-6492E5F0875E}.forLinux|x64.Build.0 = forLinux|x64
		{DEFB73C8-0381-4A64-A8B6-6492E5F0875E}.forLinux|x86.ActiveCfg = forLinux|Any CPU
		{DEFB73C8-0381-4A64-A8B6-6492E5F0875E}.Release|Any CPU.ActiveCfg = Release|Any CPU
		{DEFB73C8-0381-4A64-A8B6-6492E5F0875E}.Release|Any CPU.Build.0 = Release|Any CPU
		{DEFB73C8-0381-4A64-A8B6-6492E5F0875E}.Release|Mixed Platforms.ActiveCfg = Release|Any CPU
		{DEFB73C8-0381-4A64-A8B6-6492E5F0875E}.Release|Mixed Platforms.Build.0 = Release|Any CPU
		{DEFB73C8-0381-4A64-A8B6-6492E5F0875E}.Release|Win32.ActiveCfg = Release|Any CPU
		{DEFB73C8-0381-4A64-A8B6-6492E5F0875E}.Release|x64.ActiveCfg = Release|x64
		{DEFB73C8-0381-4A64-A8B6-6492E5F0875E}.Release|x64.Build.0 = Release|x64
		{DEFB73C8-0381-4A64-A8B6-6492E5F0875E}.Release|x86.ActiveCfg = Release|Any CPU
		{FCC0E454-4F4C-4C06-A38B-4F8B48A48C91}.Debug|Any CPU.ActiveCfg = Debug|x86
		{FCC0E454-4F4C-4C06-A38B-4F8B48A48C91}.Debug|Any CPU.Build.0 = Debug|x86
		{FCC0E454-4F4C-4C06-A38B-4F8B48A48C91}.Debug|Mixed Platforms.ActiveCfg = Debug|Any CPU
		{FCC0E454-4F4C-4C06-A38B-4F8B48A48C91}.Debug|Mixed Platforms.Build.0 = Debug|Any CPU
		{FCC0E454-4F4C-4C06-A38B-4F8B48A48C91}.Debug|Win32.ActiveCfg = Debug|x86
		{FCC0E454-4F4C-4C06-A38B-4F8B48A48C91}.Debug|x64.ActiveCfg = Debug|x64
		{FCC0E454-4F4C-4C06-A38B-4F8B48A48C91}.Debug|x64.Build.0 = Debug|x64
		{FCC0E454-4F4C-4C06-A38B-4F8B48A48C91}.Debug|x86.ActiveCfg = Debug|x86
		{FCC0E454-4F4C-4C06-A38B-4F8B48A48C91}.Debug|x86.Build.0 = Debug|x86
		{FCC0E454-4F4C-4C06-A38B-4F8B48A48C91}.forLinux|Any CPU.ActiveCfg = forLinux|Any CPU
		{FCC0E454-4F4C-4C06-A38B-4F8B48A48C91}.forLinux|Any CPU.Build.0 = forLinux|Any CPU
		{FCC0E454-4F4C-4C06-A38B-4F8B48A48C91}.forLinux|Mixed Platforms.ActiveCfg = forLinux|Any CPU
		{FCC0E454-4F4C-4C06-A38B-4F8B48A48C91}.forLinux|Mixed Platforms.Build.0 = forLinux|Any CPU
		{FCC0E454-4F4C-4C06-A38B-4F8B48A48C91}.forLinux|Win32.ActiveCfg = forLinux|Any CPU
		{FCC0E454-4F4C-4C06-A38B-4F8B48A48C91}.forLinux|x64.ActiveCfg = forLinux|x64
		{FCC0E454-4F4C-4C06-A38B-4F8B48A48C91}.forLinux|x64.Build.0 = forLinux|x64
		{FCC0E454-4F4C-4C06-A38B-4F8B48A48C91}.forLinux|x86.ActiveCfg = forLinux|x86
		{FCC0E454-4F4C-4C06-A38B-4F8B48A48C91}.forLinux|x86.Build.0 = forLinux|x86
		{FCC0E454-4F4C-4C06-A38B-4F8B48A48C91}.Release|Any CPU.ActiveCfg = Release|Any CPU
		{FCC0E454-4F4C-4C06-A38B-4F8B48A48C91}.Release|Any CPU.Build.0 = Release|Any CPU
		{FCC0E454-4F4C-4C06-A38B-4F8B48A48C91}.Release|Mixed Platforms.ActiveCfg = Release|Any CPU
		{FCC0E454-4F4C-4C06-A38B-4F8B48A48C91}.Release|Mixed Platforms.Build.0 = Release|Any CPU
		{FCC0E454-4F4C-4C06-A38B-4F8B48A48C91}.Release|Win32.ActiveCfg = Release|x86
		{FCC0E454-4F4C-4C06-A38B-4F8B48A48C91}.Release|x64.ActiveCfg = Release|x64
		{FCC0E454-4F4C-4C06-A38B-4F8B48A48C91}.Release|x64.Build.0 = Release|x64
		{FCC0E454-4F4C-4C06-A38B-4F8B48A48C91}.Release|x86.ActiveCfg = Release|x86
		{FCC0E454-4F4C-4C06-A38B-4F8B48A48C91}.Release|x86.Build.0 = Release|x86
		{89792969-97D8-4E28-AC13-9D23641EA3D5}.Debug|Any CPU.ActiveCfg = Debug|x86
		{89792969-97D8-4E28-AC13-9D23641EA3D5}.Debug|Any CPU.Build.0 = Debug|x86
		{89792969-97D8-4E28-AC13-9D23641EA3D5}.Debug|Mixed Platforms.ActiveCfg = Debug|x86
		{89792969-97D8-4E28-AC13-9D23641EA3D5}.Debug|Mixed Platforms.Build.0 = Debug|x86
		{89792969-97D8-4E28-AC13-9D23641EA3D5}.Debug|Win32.ActiveCfg = Debug|x86
		{89792969-97D8-4E28-AC13-9D23641EA3D5}.Debug|x64.ActiveCfg = Debug|x64
		{89792969-97D8-4E28-AC13-9D23641EA3D5}.Debug|x64.Build.0 = Debug|x64
		{89792969-97D8-4E28-AC13-9D23641EA3D5}.Debug|x86.ActiveCfg = Debug|x86
		{89792969-97D8-4E28-AC13-9D23641EA3D5}.Debug|x86.Build.0 = Debug|x86
		{89792969-97D8-4E28-AC13-9D23641EA3D5}.forLinux|Any CPU.ActiveCfg = forLinux|Any CPU
		{89792969-97D8-4E28-AC13-9D23641EA3D5}.forLinux|Mixed Platforms.ActiveCfg = forLinux|Any CPU
		{89792969-97D8-4E28-AC13-9D23641EA3D5}.forLinux|Mixed Platforms.Build.0 = forLinux|Any CPU
		{89792969-97D8-4E28-AC13-9D23641EA3D5}.forLinux|Win32.ActiveCfg = forLinux|Any CPU
		{89792969-97D8-4E28-AC13-9D23641EA3D5}.forLinux|x64.ActiveCfg = forLinux|x64
		{89792969-97D8-4E28-AC13-9D23641EA3D5}.forLinux|x64.Build.0 = forLinux|x64
		{89792969-97D8-4E28-AC13-9D23641EA3D5}.forLinux|x86.ActiveCfg = forLinux|x86
		{89792969-97D8-4E28-AC13-9D23641EA3D5}.forLinux|x86.Build.0 = forLinux|x86
		{89792969-97D8-4E28-AC13-9D23641EA3D5}.Release|Any CPU.ActiveCfg = Release|Any CPU
		{89792969-97D8-4E28-AC13-9D23641EA3D5}.Release|Any CPU.Build.0 = Release|Any CPU
		{89792969-97D8-4E28-AC13-9D23641EA3D5}.Release|Mixed Platforms.ActiveCfg = Release|x86
		{89792969-97D8-4E28-AC13-9D23641EA3D5}.Release|Mixed Platforms.Build.0 = Release|x86
		{89792969-97D8-4E28-AC13-9D23641EA3D5}.Release|Win32.ActiveCfg = Release|x86
		{89792969-97D8-4E28-AC13-9D23641EA3D5}.Release|x64.ActiveCfg = Release|x64
		{89792969-97D8-4E28-AC13-9D23641EA3D5}.Release|x64.Build.0 = Release|x64
		{89792969-97D8-4E28-AC13-9D23641EA3D5}.Release|x86.ActiveCfg = Release|x86
		{89792969-97D8-4E28-AC13-9D23641EA3D5}.Release|x86.Build.0 = Release|x86
		{E95872B2-A6A9-4FEB-BD1C-2F1682427E81}.Debug|Any CPU.ActiveCfg = Debug|x86
		{E95872B2-A6A9-4FEB-BD1C-2F1682427E81}.Debug|Any CPU.Build.0 = Debug|x86
		{E95872B2-A6A9-4FEB-BD1C-2F1682427E81}.Debug|Mixed Platforms.ActiveCfg = Debug|x86
		{E95872B2-A6A9-4FEB-BD1C-2F1682427E81}.Debug|Mixed Platforms.Build.0 = Debug|x86
		{E95872B2-A6A9-4FEB-BD1C-2F1682427E81}.Debug|Win32.ActiveCfg = Debug|x86
		{E95872B2-A6A9-4FEB-BD1C-2F1682427E81}.Debug|x64.ActiveCfg = Debug|x64
		{E95872B2-A6A9-4FEB-BD1C-2F1682427E81}.Debug|x64.Build.0 = Debug|x64
		{E95872B2-A6A9-4FEB-BD1C-2F1682427E81}.Debug|x86.ActiveCfg = Debug|x86
		{E95872B2-A6A9-4FEB-BD1C-2F1682427E81}.Debug|x86.Build.0 = Debug|x86
		{E95872B2-A6A9-4FEB-BD1C-2F1682427E81}.forLinux|Any CPU.ActiveCfg = forLinux|Any CPU
		{E95872B2-A6A9-4FEB-BD1C-2F1682427E81}.forLinux|Mixed Platforms.ActiveCfg = forLinux|Any CPU
		{E95872B2-A6A9-4FEB-BD1C-2F1682427E81}.forLinux|Mixed Platforms.Build.0 = forLinux|Any CPU
		{E95872B2-A6A9-4FEB-BD1C-2F1682427E81}.forLinux|Win32.ActiveCfg = forLinux|Any CPU
		{E95872B2-A6A9-4FEB-BD1C-2F1682427E81}.forLinux|x64.ActiveCfg = forLinux|x64
		{E95872B2-A6A9-4FEB-BD1C-2F1682427E81}.forLinux|x64.Build.0 = forLinux|x64
		{E95872B2-A6A9-4FEB-BD1C-2F1682427E81}.forLinux|x86.ActiveCfg = forLinux|x86
		{E95872B2-A6A9-4FEB-BD1C-2F1682427E81}.forLinux|x86.Build.0 = forLinux|x86
		{E95872B2-A6A9-4FEB-BD1C-2F1682427E81}.Release|Any CPU.ActiveCfg = Release|Any CPU
		{E95872B2-A6A9-4FEB-BD1C-2F1682427E81}.Release|Any CPU.Build.0 = Release|Any CPU
		{E95872B2-A6A9-4FEB-BD1C-2F1682427E81}.Release|Mixed Platforms.ActiveCfg = Release|x86
		{E95872B2-A6A9-4FEB-BD1C-2F1682427E81}.Release|Mixed Platforms.Build.0 = Release|x86
		{E95872B2-A6A9-4FEB-BD1C-2F1682427E81}.Release|Win32.ActiveCfg = Release|x86
		{E95872B2-A6A9-4FEB-BD1C-2F1682427E81}.Release|x64.ActiveCfg = Release|x64
		{E95872B2-A6A9-4FEB-BD1C-2F1682427E81}.Release|x64.Build.0 = Release|x64
		{E95872B2-A6A9-4FEB-BD1C-2F1682427E81}.Release|x86.ActiveCfg = Release|x86
		{E95872B2-A6A9-4FEB-BD1C-2F1682427E81}.Release|x86.Build.0 = Release|x86
		{6EBCC519-E4C4-43EB-BDC7-1F60442CD1C9}.Debug|Any CPU.ActiveCfg = Debug|x86
		{6EBCC519-E4C4-43EB-BDC7-1F60442CD1C9}.Debug|Any CPU.Build.0 = Debug|x86
		{6EBCC519-E4C4-43EB-BDC7-1F60442CD1C9}.Debug|Mixed Platforms.ActiveCfg = Debug|x86
		{6EBCC519-E4C4-43EB-BDC7-1F60442CD1C9}.Debug|Mixed Platforms.Build.0 = Debug|x86
		{6EBCC519-E4C4-43EB-BDC7-1F60442CD1C9}.Debug|Win32.ActiveCfg = Debug|x86
		{6EBCC519-E4C4-43EB-BDC7-1F60442CD1C9}.Debug|x64.ActiveCfg = Debug|x64
		{6EBCC519-E4C4-43EB-BDC7-1F60442CD1C9}.Debug|x64.Build.0 = Debug|x64
		{6EBCC519-E4C4-43EB-BDC7-1F60442CD1C9}.Debug|x86.ActiveCfg = Debug|x86
		{6EBCC519-E4C4-43EB-BDC7-1F60442CD1C9}.Debug|x86.Build.0 = Debug|x86
		{6EBCC519-E4C4-43EB-BDC7-1F60442CD1C9}.forLinux|Any CPU.ActiveCfg = forLinux|x86
		{6EBCC519-E4C4-43EB-BDC7-1F60442CD1C9}.forLinux|Mixed Platforms.ActiveCfg = forLinux|x86
		{6EBCC519-E4C4-43EB-BDC7-1F60442CD1C9}.forLinux|Mixed Platforms.Build.0 = forLinux|x86
		{6EBCC519-E4C4-43EB-BDC7-1F60442CD1C9}.forLinux|Win32.ActiveCfg = forLinux|x86
		{6EBCC519-E4C4-43EB-BDC7-1F60442CD1C9}.forLinux|x64.ActiveCfg = forLinux|x64
		{6EBCC519-E4C4-43EB-BDC7-1F60442CD1C9}.forLinux|x64.Build.0 = forLinux|x64
		{6EBCC519-E4C4-43EB-BDC7-1F60442CD1C9}.forLinux|x86.ActiveCfg = forLinux|x86
		{6EBCC519-E4C4-43EB-BDC7-1F60442CD1C9}.forLinux|x86.Build.0 = forLinux|x86
		{6EBCC519-E4C4-43EB-BDC7-1F60442CD1C9}.Release|Any CPU.ActiveCfg = Release|x86
		{6EBCC519-E4C4-43EB-BDC7-1F60442CD1C9}.Release|Any CPU.Build.0 = Release|x86
		{6EBCC519-E4C4-43EB-BDC7-1F60442CD1C9}.Release|Mixed Platforms.ActiveCfg = Release|x86
		{6EBCC519-E4C4-43EB-BDC7-1F60442CD1C9}.Release|Mixed Platforms.Build.0 = Release|x86
		{6EBCC519-E4C4-43EB-BDC7-1F60442CD1C9}.Release|Win32.ActiveCfg = Release|x86
		{6EBCC519-E4C4-43EB-BDC7-1F60442CD1C9}.Release|x64.ActiveCfg = Release|x64
		{6EBCC519-E4C4-43EB-BDC7-1F60442CD1C9}.Release|x64.Build.0 = Release|x64
		{6EBCC519-E4C4-43EB-BDC7-1F60442CD1C9}.Release|x86.ActiveCfg = Release|x86
		{6EBCC519-E4C4-43EB-BDC7-1F60442CD1C9}.Release|x86.Build.0 = Release|x86
		{73FAEEBB-0EB8-4E4E-9F75-1C76739F8A33}.Debug|Any CPU.ActiveCfg = Debug|Any CPU
		{73FAEEBB-0EB8-4E4E-9F75-1C76739F8A33}.Debug|Any CPU.Build.0 = Debug|Any CPU
		{73FAEEBB-0EB8-4E4E-9F75-1C76739F8A33}.Debug|Mixed Platforms.ActiveCfg = Debug|Any CPU
		{73FAEEBB-0EB8-4E4E-9F75-1C76739F8A33}.Debug|Mixed Platforms.Build.0 = Debug|Any CPU
		{73FAEEBB-0EB8-4E4E-9F75-1C76739F8A33}.Debug|Win32.ActiveCfg = Debug|Any CPU
		{73FAEEBB-0EB8-4E4E-9F75-1C76739F8A33}.Debug|x64.ActiveCfg = Debug|x64
		{73FAEEBB-0EB8-4E4E-9F75-1C76739F8A33}.Debug|x64.Build.0 = Debug|x64
		{73FAEEBB-0EB8-4E4E-9F75-1C76739F8A33}.Debug|x86.ActiveCfg = Debug|Any CPU
		{73FAEEBB-0EB8-4E4E-9F75-1C76739F8A33}.forLinux|Any CPU.ActiveCfg = forLinux|Any CPU
		{73FAEEBB-0EB8-4E4E-9F75-1C76739F8A33}.forLinux|Any CPU.Build.0 = forLinux|Any CPU
		{73FAEEBB-0EB8-4E4E-9F75-1C76739F8A33}.forLinux|Mixed Platforms.ActiveCfg = forLinux|Any CPU
		{73FAEEBB-0EB8-4E4E-9F75-1C76739F8A33}.forLinux|Mixed Platforms.Build.0 = forLinux|Any CPU
		{73FAEEBB-0EB8-4E4E-9F75-1C76739F8A33}.forLinux|Win32.ActiveCfg = forLinux|Any CPU
		{73FAEEBB-0EB8-4E4E-9F75-1C76739F8A33}.forLinux|x64.ActiveCfg = forLinux|x64
		{73FAEEBB-0EB8-4E4E-9F75-1C76739F8A33}.forLinux|x64.Build.0 = forLinux|x64
		{73FAEEBB-0EB8-4E4E-9F75-1C76739F8A33}.forLinux|x86.ActiveCfg = forLinux|Any CPU
		{73FAEEBB-0EB8-4E4E-9F75-1C76739F8A33}.Release|Any CPU.ActiveCfg = Release|Any CPU
		{73FAEEBB-0EB8-4E4E-9F75-1C76739F8A33}.Release|Any CPU.Build.0 = Release|Any CPU
		{73FAEEBB-0EB8-4E4E-9F75-1C76739F8A33}.Release|Mixed Platforms.ActiveCfg = Release|Any CPU
		{73FAEEBB-0EB8-4E4E-9F75-1C76739F8A33}.Release|Mixed Platforms.Build.0 = Release|Any CPU
		{73FAEEBB-0EB8-4E4E-9F75-1C76739F8A33}.Release|Win32.ActiveCfg = Release|Any CPU
		{73FAEEBB-0EB8-4E4E-9F75-1C76739F8A33}.Release|x64.ActiveCfg = Release|x64
		{73FAEEBB-0EB8-4E4E-9F75-1C76739F8A33}.Release|x64.Build.0 = Release|x64
		{73FAEEBB-0EB8-4E4E-9F75-1C76739F8A33}.Release|x86.ActiveCfg = Release|Any CPU
		{168607C0-7A54-4260-80BC-CC1F287F2A8F}.Debug|Any CPU.ActiveCfg = Debug|Any CPU
		{168607C0-7A54-4260-80BC-CC1F287F2A8F}.Debug|Any CPU.Build.0 = Debug|Any CPU
		{168607C0-7A54-4260-80BC-CC1F287F2A8F}.Debug|Mixed Platforms.ActiveCfg = Debug|Any CPU
		{168607C0-7A54-4260-80BC-CC1F287F2A8F}.Debug|Mixed Platforms.Build.0 = Debug|Any CPU
		{168607C0-7A54-4260-80BC-CC1F287F2A8F}.Debug|Win32.ActiveCfg = Debug|Any CPU
		{168607C0-7A54-4260-80BC-CC1F287F2A8F}.Debug|x64.ActiveCfg = Debug|x64
		{168607C0-7A54-4260-80BC-CC1F287F2A8F}.Debug|x64.Build.0 = Debug|x64
		{168607C0-7A54-4260-80BC-CC1F287F2A8F}.Debug|x86.ActiveCfg = Debug|Any CPU
		{168607C0-7A54-4260-80BC-CC1F287F2A8F}.forLinux|Any CPU.ActiveCfg = forLinux|Any CPU
		{168607C0-7A54-4260-80BC-CC1F287F2A8F}.forLinux|Any CPU.Build.0 = forLinux|Any CPU
		{168607C0-7A54-4260-80BC-CC1F287F2A8F}.forLinux|Mixed Platforms.ActiveCfg = forLinux|Any CPU
		{168607C0-7A54-4260-80BC-CC1F287F2A8F}.forLinux|Mixed Platforms.Build.0 = forLinux|Any CPU
		{168607C0-7A54-4260-80BC-CC1F287F2A8F}.forLinux|Win32.ActiveCfg = forLinux|Any CPU
		{168607C0-7A54-4260-80BC-CC1F287F2A8F}.forLinux|x64.ActiveCfg = forLinux|x64
		{168607C0-7A54-4260-80BC-CC1F287F2A8F}.forLinux|x64.Build.0 = forLinux|x64
		{168607C0-7A54-4260-80BC-CC1F287F2A8F}.forLinux|x86.ActiveCfg = forLinux|Any CPU
		{168607C0-7A54-4260-80BC-CC1F287F2A8F}.Release|Any CPU.ActiveCfg = Release|Any CPU
		{168607C0-7A54-4260-80BC-CC1F287F2A8F}.Release|Any CPU.Build.0 = Release|Any CPU
		{168607C0-7A54-4260-80BC-CC1F287F2A8F}.Release|Mixed Platforms.ActiveCfg = Release|Any CPU
		{168607C0-7A54-4260-80BC-CC1F287F2A8F}.Release|Mixed Platforms.Build.0 = Release|Any CPU
		{168607C0-7A54-4260-80BC-CC1F287F2A8F}.Release|Win32.ActiveCfg = Release|Any CPU
		{168607C0-7A54-4260-80BC-CC1F287F2A8F}.Release|x64.ActiveCfg = Release|x64
		{168607C0-7A54-4260-80BC-CC1F287F2A8F}.Release|x64.Build.0 = Release|x64
		{168607C0-7A54-4260-80BC-CC1F287F2A8F}.Release|x86.ActiveCfg = Release|Any CPU
		{E4DF965B-01E7-4B20-AFCE-CF60DF0FFA02}.Debug|Any CPU.ActiveCfg = Debug|x86
		{E4DF965B-01E7-4B20-AFCE-CF60DF0FFA02}.Debug|Any CPU.Build.0 = Debug|x86
		{E4DF965B-01E7-4B20-AFCE-CF60DF0FFA02}.Debug|Mixed Platforms.ActiveCfg = Debug|x86
		{E4DF965B-01E7-4B20-AFCE-CF60DF0FFA02}.Debug|Mixed Platforms.Build.0 = Debug|x86
		{E4DF965B-01E7-4B20-AFCE-CF60DF0FFA02}.Debug|Win32.ActiveCfg = Debug|x86
		{E4DF965B-01E7-4B20-AFCE-CF60DF0FFA02}.Debug|x64.ActiveCfg = Debug|x64
		{E4DF965B-01E7-4B20-AFCE-CF60DF0FFA02}.Debug|x64.Build.0 = Debug|x64
		{E4DF965B-01E7-4B20-AFCE-CF60DF0FFA02}.Debug|x86.ActiveCfg = Debug|x86
		{E4DF965B-01E7-4B20-AFCE-CF60DF0FFA02}.Debug|x86.Build.0 = Debug|x86
		{E4DF965B-01E7-4B20-AFCE-CF60DF0FFA02}.forLinux|Any CPU.ActiveCfg = forLinux|x86
		{E4DF965B-01E7-4B20-AFCE-CF60DF0FFA02}.forLinux|Mixed Platforms.ActiveCfg = forLinux|x86
		{E4DF965B-01E7-4B20-AFCE-CF60DF0FFA02}.forLinux|Mixed Platforms.Build.0 = forLinux|x86
		{E4DF965B-01E7-4B20-AFCE-CF60DF0FFA02}.forLinux|Win32.ActiveCfg = forLinux|x86
		{E4DF965B-01E7-4B20-AFCE-CF60DF0FFA02}.forLinux|x64.ActiveCfg = forLinux|x64
		{E4DF965B-01E7-4B20-AFCE-CF60DF0FFA02}.forLinux|x64.Build.0 = forLinux|x64
		{E4DF965B-01E7-4B20-AFCE-CF60DF0FFA02}.forLinux|x86.ActiveCfg = forLinux|x86
		{E4DF965B-01E7-4B20-AFCE-CF60DF0FFA02}.forLinux|x86.Build.0 = forLinux|x86
		{E4DF965B-01E7-4B20-AFCE-CF60DF0FFA02}.Release|Any CPU.ActiveCfg = Release|x86
		{E4DF965B-01E7-4B20-AFCE-CF60DF0FFA02}.Release|Any CPU.Build.0 = Release|x86
		{E4DF965B-01E7-4B20-AFCE-CF60DF0FFA02}.Release|Mixed Platforms.ActiveCfg = Release|x86
		{E4DF965B-01E7-4B20-AFCE-CF60DF0FFA02}.Release|Mixed Platforms.Build.0 = Release|x86
		{E4DF965B-01E7-4B20-AFCE-CF60DF0FFA02}.Release|Win32.ActiveCfg = Release|x86
		{E4DF965B-01E7-4B20-AFCE-CF60DF0FFA02}.Release|x64.ActiveCfg = Release|x64
		{E4DF965B-01E7-4B20-AFCE-CF60DF0FFA02}.Release|x64.Build.0 = Release|x64
		{E4DF965B-01E7-4B20-AFCE-CF60DF0FFA02}.Release|x86.ActiveCfg = Release|x86
		{E4DF965B-01E7-4B20-AFCE-CF60DF0FFA02}.Release|x86.Build.0 = Release|x86
		{A0EE640B-4CD8-43D4-B785-F1CA6047518C}.Debug|Any CPU.ActiveCfg = Debug|Any CPU
		{A0EE640B-4CD8-43D4-B785-F1CA6047518C}.Debug|Any CPU.Build.0 = Debug|Any CPU
		{A0EE640B-4CD8-43D4-B785-F1CA6047518C}.Debug|Mixed Platforms.ActiveCfg = Debug|Any CPU
		{A0EE640B-4CD8-43D4-B785-F1CA6047518C}.Debug|Mixed Platforms.Build.0 = Debug|Any CPU
		{A0EE640B-4CD8-43D4-B785-F1CA6047518C}.Debug|Win32.ActiveCfg = Debug|Any CPU
		{A0EE640B-4CD8-43D4-B785-F1CA6047518C}.Debug|x64.ActiveCfg = Debug|x64
		{A0EE640B-4CD8-43D4-B785-F1CA6047518C}.Debug|x64.Build.0 = Debug|x64
		{A0EE640B-4CD8-43D4-B785-F1CA6047518C}.Debug|x86.ActiveCfg = Debug|Any CPU
		{A0EE640B-4CD8-43D4-B785-F1CA6047518C}.forLinux|Any CPU.ActiveCfg = forLinux|Any CPU
		{A0EE640B-4CD8-43D4-B785-F1CA6047518C}.forLinux|Any CPU.Build.0 = forLinux|Any CPU
		{A0EE640B-4CD8-43D4-B785-F1CA6047518C}.forLinux|Mixed Platforms.ActiveCfg = forLinux|Any CPU
		{A0EE640B-4CD8-43D4-B785-F1CA6047518C}.forLinux|Mixed Platforms.Build.0 = forLinux|Any CPU
		{A0EE640B-4CD8-43D4-B785-F1CA6047518C}.forLinux|Win32.ActiveCfg = forLinux|Any CPU
		{A0EE640B-4CD8-43D4-B785-F1CA6047518C}.forLinux|x64.ActiveCfg = forLinux|x64
		{A0EE640B-4CD8-43D4-B785-F1CA6047518C}.forLinux|x64.Build.0 = forLinux|x64
		{A0EE640B-4CD8-43D4-B785-F1CA6047518C}.forLinux|x86.ActiveCfg = forLinux|Any CPU
		{A0EE640B-4CD8-43D4-B785-F1CA6047518C}.Release|Any CPU.ActiveCfg = Release|Any CPU
		{A0EE640B-4CD8-43D4-B785-F1CA6047518C}.Release|Any CPU.Build.0 = Release|Any CPU
		{A0EE640B-4CD8-43D4-B785-F1CA6047518C}.Release|Mixed Platforms.ActiveCfg = Release|Any CPU
		{A0EE640B-4CD8-43D4-B785-F1CA6047518C}.Release|Mixed Platforms.Build.0 = Release|Any CPU
		{A0EE640B-4CD8-43D4-B785-F1CA6047518C}.Release|Win32.ActiveCfg = Release|Any CPU
		{A0EE640B-4CD8-43D4-B785-F1CA6047518C}.Release|x64.ActiveCfg = Release|x64
		{A0EE640B-4CD8-43D4-B785-F1CA6047518C}.Release|x64.Build.0 = Release|x64
		{A0EE640B-4CD8-43D4-B785-F1CA6047518C}.Release|x86.ActiveCfg = Release|Any CPU
		{42AE96F9-70D0-40FB-9C5E-9C24BF29E815}.Debug|Any CPU.ActiveCfg = Debug|x86
		{42AE96F9-70D0-40FB-9C5E-9C24BF29E815}.Debug|Mixed Platforms.ActiveCfg = Debug|x86
		{42AE96F9-70D0-40FB-9C5E-9C24BF29E815}.Debug|Mixed Platforms.Build.0 = Debug|x86
		{42AE96F9-70D0-40FB-9C5E-9C24BF29E815}.Debug|Win32.ActiveCfg = Debug|x86
		{42AE96F9-70D0-40FB-9C5E-9C24BF29E815}.Debug|x64.ActiveCfg = Debug|x64
		{42AE96F9-70D0-40FB-9C5E-9C24BF29E815}.Debug|x86.ActiveCfg = Debug|x86
		{42AE96F9-70D0-40FB-9C5E-9C24BF29E815}.Debug|x86.Build.0 = Debug|x86
		{42AE96F9-70D0-40FB-9C5E-9C24BF29E815}.forLinux|Any CPU.ActiveCfg = forLinux|x86
		{42AE96F9-70D0-40FB-9C5E-9C24BF29E815}.forLinux|Mixed Platforms.ActiveCfg = forLinux|x86
		{42AE96F9-70D0-40FB-9C5E-9C24BF29E815}.forLinux|Mixed Platforms.Build.0 = forLinux|x86
		{42AE96F9-70D0-40FB-9C5E-9C24BF29E815}.forLinux|Win32.ActiveCfg = forLinux|x86
		{42AE96F9-70D0-40FB-9C5E-9C24BF29E815}.forLinux|x64.ActiveCfg = forLinux|x64
		{42AE96F9-70D0-40FB-9C5E-9C24BF29E815}.forLinux|x86.ActiveCfg = forLinux|x86
		{42AE96F9-70D0-40FB-9C5E-9C24BF29E815}.Release|Any CPU.ActiveCfg = Release|x86
		{42AE96F9-70D0-40FB-9C5E-9C24BF29E815}.Release|Any CPU.Build.0 = Release|x86
		{42AE96F9-70D0-40FB-9C5E-9C24BF29E815}.Release|Mixed Platforms.ActiveCfg = Release|x86
		{42AE96F9-70D0-40FB-9C5E-9C24BF29E815}.Release|Mixed Platforms.Build.0 = Release|x86
		{42AE96F9-70D0-40FB-9C5E-9C24BF29E815}.Release|Win32.ActiveCfg = Release|x86
		{42AE96F9-70D0-40FB-9C5E-9C24BF29E815}.Release|x64.ActiveCfg = Release|x64
		{42AE96F9-70D0-40FB-9C5E-9C24BF29E815}.Release|x86.ActiveCfg = Release|x86
		{42AE96F9-70D0-40FB-9C5E-9C24BF29E815}.Release|x86.Build.0 = Release|x86
		{1F2121A3-CB40-43E7-BF6C-A6839FBD5C7E}.Debug|Any CPU.ActiveCfg = Debug|x86
		{1F2121A3-CB40-43E7-BF6C-A6839FBD5C7E}.Debug|Mixed Platforms.ActiveCfg = Debug|x86
		{1F2121A3-CB40-43E7-BF6C-A6839FBD5C7E}.Debug|Mixed Platforms.Build.0 = Debug|x86
		{1F2121A3-CB40-43E7-BF6C-A6839FBD5C7E}.Debug|Win32.ActiveCfg = Debug|x86
		{1F2121A3-CB40-43E7-BF6C-A6839FBD5C7E}.Debug|x64.ActiveCfg = Debug|x64
		{1F2121A3-CB40-43E7-BF6C-A6839FBD5C7E}.Debug|x86.ActiveCfg = Debug|x86
		{1F2121A3-CB40-43E7-BF6C-A6839FBD5C7E}.Debug|x86.Build.0 = Debug|x86
		{1F2121A3-CB40-43E7-BF6C-A6839FBD5C7E}.forLinux|Any CPU.ActiveCfg = Release|x86
		{1F2121A3-CB40-43E7-BF6C-A6839FBD5C7E}.forLinux|Mixed Platforms.ActiveCfg = Release|x86
		{1F2121A3-CB40-43E7-BF6C-A6839FBD5C7E}.forLinux|Mixed Platforms.Build.0 = Release|x86
		{1F2121A3-CB40-43E7-BF6C-A6839FBD5C7E}.forLinux|Win32.ActiveCfg = Release|x86
		{1F2121A3-CB40-43E7-BF6C-A6839FBD5C7E}.forLinux|x64.ActiveCfg = Release|x64
		{1F2121A3-CB40-43E7-BF6C-A6839FBD5C7E}.forLinux|x64.Build.0 = Release|x64
		{1F2121A3-CB40-43E7-BF6C-A6839FBD5C7E}.forLinux|x86.ActiveCfg = Release|x86
		{1F2121A3-CB40-43E7-BF6C-A6839FBD5C7E}.forLinux|x86.Build.0 = Release|x86
		{1F2121A3-CB40-43E7-BF6C-A6839FBD5C7E}.Release|Any CPU.ActiveCfg = Release|x86
		{1F2121A3-CB40-43E7-BF6C-A6839FBD5C7E}.Release|Any CPU.Build.0 = Release|x86
		{1F2121A3-CB40-43E7-BF6C-A6839FBD5C7E}.Release|Mixed Platforms.ActiveCfg = Release|x86
		{1F2121A3-CB40-43E7-BF6C-A6839FBD5C7E}.Release|Mixed Platforms.Build.0 = Release|x86
		{1F2121A3-CB40-43E7-BF6C-A6839FBD5C7E}.Release|Win32.ActiveCfg = Release|x86
		{1F2121A3-CB40-43E7-BF6C-A6839FBD5C7E}.Release|x64.ActiveCfg = Release|x64
		{1F2121A3-CB40-43E7-BF6C-A6839FBD5C7E}.Release|x86.ActiveCfg = Release|x86
		{1F2121A3-CB40-43E7-BF6C-A6839FBD5C7E}.Release|x86.Build.0 = Release|x86
	EndGlobalSection
	GlobalSection(SolutionProperties) = preSolution
		HideSolutionNode = FALSE
	EndGlobalSection
	GlobalSection(ExtensibilityGlobals) = postSolution
		SolutionGuid = {6D040055-2E0E-4754-AB8A-8CDC7224CEEB}
	EndGlobalSection
	GlobalSection(MercurialSourceControlSolutionProperties) = preSolution
		SolutionIsControlled = True
		SolutionBindings = <Solution Location In Database>
	EndGlobalSection
EndGlobal
